// !$*UTF8*$!
{
	archiveVersion = 1;
	classes = {
	};
	objectVersion = 46;
	objects = {

/* Begin PBXBuildFile section */
		4C02B5061EB50C5600542A74 /* AppDelegate.swift in Sources */ = {isa = PBXBuildFile; fileRef = 4C02B5051EB50C5600542A74 /* AppDelegate.swift */; };
		4C02B50B1EB50C5600542A74 /* Main.storyboard in Resources */ = {isa = PBXBuildFile; fileRef = 4C02B5091EB50C5600542A74 /* Main.storyboard */; };
		4C02B50D1EB50C5600542A74 /* Assets.xcassets in Resources */ = {isa = PBXBuildFile; fileRef = 4C02B50C1EB50C5600542A74 /* Assets.xcassets */; };
		4C02B5101EB50C5600542A74 /* LaunchScreen.storyboard in Resources */ = {isa = PBXBuildFile; fileRef = 4C02B50E1EB50C5600542A74 /* LaunchScreen.storyboard */; };
		4CC0590D1EB531EC00C9135E /* logo.png in Resources */ = {isa = PBXBuildFile; fileRef = 4CC0590C1EB531EC00C9135E /* logo.png */; };
		4CC059101EB5330B00C9135E /* 001-key.png in Resources */ = {isa = PBXBuildFile; fileRef = 4CC0590E1EB5330B00C9135E /* 001-key.png */; };
		4CC059111EB5330B00C9135E /* 002-phone-numbers-call.png in Resources */ = {isa = PBXBuildFile; fileRef = 4CC0590F1EB5330B00C9135E /* 002-phone-numbers-call.png */; };
		4CC059131EB53C1A00C9135E /* RegisterController.swift in Sources */ = {isa = PBXBuildFile; fileRef = 4CC059121EB53C1A00C9135E /* RegisterController.swift */; };
		4CC059151EB53C6A00C9135E /* SignInController.swift in Sources */ = {isa = PBXBuildFile; fileRef = 4CC059141EB53C6A00C9135E /* SignInController.swift */; };
		4CC059171EB53CD600C9135E /* TabBarController.swift in Sources */ = {isa = PBXBuildFile; fileRef = 4CC059161EB53CD600C9135E /* TabBarController.swift */; };
		4CC059191EB53D2000C9135E /* ContactsListController.swift in Sources */ = {isa = PBXBuildFile; fileRef = 4CC059181EB53D2000C9135E /* ContactsListController.swift */; };
		4CC0591B1EB53D4500C9135E /* ProfileController.swift in Sources */ = {isa = PBXBuildFile; fileRef = 4CC0591A1EB53D4500C9135E /* ProfileController.swift */; };
		4CC0591D1EB53D9600C9135E /* ContactDetailsController.swift in Sources */ = {isa = PBXBuildFile; fileRef = 4CC0591C1EB53D9600C9135E /* ContactDetailsController.swift */; };
		4CC0591F1EB53DC000C9135E /* AddEditController.swift in Sources */ = {isa = PBXBuildFile; fileRef = 4CC0591E1EB53DC000C9135E /* AddEditController.swift */; };
		4CF154EE1EB5BFF90000DA2D /* GroupsListControllerTableViewController.swift in Sources */ = {isa = PBXBuildFile; fileRef = 4CF154ED1EB5BFF90000DA2D /* GroupsListControllerTableViewController.swift */; };
		4CF154F01EB5C38E0000DA2D /* GrpsContactsListController.swift in Sources */ = {isa = PBXBuildFile; fileRef = 4CF154EF1EB5C38E0000DA2D /* GrpsContactsListController.swift */; };
/* End PBXBuildFile section */

/* Begin PBXBuildRule section */
		4C92A4AF1EB5D80A0063A70F /* PBXBuildRule */ = {
			isa = PBXBuildRule;
			compilerSpec = com.apple.compilers.proxy.script;
			fileType = pattern.proxy;
			isEditable = 1;
			outputFiles = (
			);
		};
/* End PBXBuildRule section */

/* Begin PBXFileReference section */
		4C02B5021EB50C5600542A74 /* Contactx.app */ = {isa = PBXFileReference; explicitFileType = wrapper.application; includeInIndex = 0; path = Contactx.app; sourceTree = BUILT_PRODUCTS_DIR; };
		4C02B5051EB50C5600542A74 /* AppDelegate.swift */ = {isa = PBXFileReference; lastKnownFileType = sourcecode.swift; path = AppDelegate.swift; sourceTree = "<group>"; };
		4C02B50A1EB50C5600542A74 /* Base */ = {isa = PBXFileReference; lastKnownFileType = file.storyboard; name = Base; path = Base.lproj/Main.storyboard; sourceTree = "<group>"; };
		4C02B50C1EB50C5600542A74 /* Assets.xcassets */ = {isa = PBXFileReference; lastKnownFileType = folder.assetcatalog; path = Assets.xcassets; sourceTree = "<group>"; };
		4C02B50F1EB50C5600542A74 /* Base */ = {isa = PBXFileReference; lastKnownFileType = file.storyboard; name = Base; path = Base.lproj/LaunchScreen.storyboard; sourceTree = "<group>"; };
		4C02B5111EB50C5600542A74 /* Info.plist */ = {isa = PBXFileReference; lastKnownFileType = text.plist.xml; path = Info.plist; sourceTree = "<group>"; };
		4CC0590C1EB531EC00C9135E /* logo.png */ = {isa = PBXFileReference; lastKnownFileType = image.png; path = logo.png; sourceTree = "<group>"; };
		4CC0590E1EB5330B00C9135E /* 001-key.png */ = {isa = PBXFileReference; lastKnownFileType = image.png; path = "001-key.png"; sourceTree = "<group>"; };
		4CC0590F1EB5330B00C9135E /* 002-phone-numbers-call.png */ = {isa = PBXFileReference; lastKnownFileType = image.png; path = "002-phone-numbers-call.png"; sourceTree = "<group>"; };
		4CC059121EB53C1A00C9135E /* RegisterController.swift */ = {isa = PBXFileReference; fileEncoding = 4; lastKnownFileType = sourcecode.swift; path = RegisterController.swift; sourceTree = "<group>"; };
		4CC059141EB53C6A00C9135E /* SignInController.swift */ = {isa = PBXFileReference; fileEncoding = 4; lastKnownFileType = sourcecode.swift; path = SignInController.swift; sourceTree = "<group>"; };
		4CC059161EB53CD600C9135E /* TabBarController.swift */ = {isa = PBXFileReference; fileEncoding = 4; lastKnownFileType = sourcecode.swift; path = TabBarController.swift; sourceTree = "<group>"; };
		4CC059181EB53D2000C9135E /* ContactsListController.swift */ = {isa = PBXFileReference; fileEncoding = 4; lastKnownFileType = sourcecode.swift; path = ContactsListController.swift; sourceTree = "<group>"; };
		4CC0591A1EB53D4500C9135E /* ProfileController.swift */ = {isa = PBXFileReference; fileEncoding = 4; lastKnownFileType = sourcecode.swift; path = ProfileController.swift; sourceTree = "<group>"; };
		4CC0591C1EB53D9600C9135E /* ContactDetailsController.swift */ = {isa = PBXFileReference; fileEncoding = 4; lastKnownFileType = sourcecode.swift; path = ContactDetailsController.swift; sourceTree = "<group>"; };
		4CC0591E1EB53DC000C9135E /* AddEditController.swift */ = {isa = PBXFileReference; fileEncoding = 4; lastKnownFileType = sourcecode.swift; path = AddEditController.swift; sourceTree = "<group>"; };
		4CF154ED1EB5BFF90000DA2D /* GroupsListControllerTableViewController.swift */ = {isa = PBXFileReference; fileEncoding = 4; lastKnownFileType = sourcecode.swift; path = GroupsListControllerTableViewController.swift; sourceTree = "<group>"; };
		4CF154EF1EB5C38E0000DA2D /* GrpsContactsListController.swift */ = {isa = PBXFileReference; fileEncoding = 4; lastKnownFileType = sourcecode.swift; path = GrpsContactsListController.swift; sourceTree = "<group>"; };
/* End PBXFileReference section */

/* Begin PBXFrameworksBuildPhase section */
		4C02B4FF1EB50C5600542A74 /* Frameworks */ = {
			isa = PBXFrameworksBuildPhase;
			buildActionMask = 2147483647;
			files = (
			);
			runOnlyForDeploymentPostprocessing = 0;
		};
/* End PBXFrameworksBuildPhase section */

/* Begin PBXGroup section */
		4C02B4F91EB50C5600542A74 = {
			isa = PBXGroup;
			children = (
				4C02B5041EB50C5600542A74 /* Contactx */,
				4C02B5031EB50C5600542A74 /* Products */,
			);
			sourceTree = "<group>";
		};
		4C02B5031EB50C5600542A74 /* Products */ = {
			isa = PBXGroup;
			children = (
				4C02B5021EB50C5600542A74 /* Contactx.app */,
			);
			name = Products;
			sourceTree = "<group>";
		};
		4C02B5041EB50C5600542A74 /* Contactx */ = {
			isa = PBXGroup;
			children = (
				4CC0590E1EB5330B00C9135E /* 001-key.png */,
				4CC0590F1EB5330B00C9135E /* 002-phone-numbers-call.png */,
				4CC0590C1EB531EC00C9135E /* logo.png */,
				4C02B5051EB50C5600542A74 /* AppDelegate.swift */,
				4C02B5091EB50C5600542A74 /* Main.storyboard */,
				4C02B50C1EB50C5600542A74 /* Assets.xcassets */,
				4C02B50E1EB50C5600542A74 /* LaunchScreen.storyboard */,
				4C02B5111EB50C5600542A74 /* Info.plist */,
				4CC059121EB53C1A00C9135E /* RegisterController.swift */,
				4CC059141EB53C6A00C9135E /* SignInController.swift */,
				4CC059161EB53CD600C9135E /* TabBarController.swift */,
				4CC059181EB53D2000C9135E /* ContactsListController.swift */,
				4CC0591A1EB53D4500C9135E /* ProfileController.swift */,
				4CC0591C1EB53D9600C9135E /* ContactDetailsController.swift */,
				4CC0591E1EB53DC000C9135E /* AddEditController.swift */,
				4CF154ED1EB5BFF90000DA2D /* GroupsListControllerTableViewController.swift */,
				4CF154EF1EB5C38E0000DA2D /* GrpsContactsListController.swift */,
			);
			path = Contactx;
			sourceTree = "<group>";
		};
/* End PBXGroup section */

/* Begin PBXNativeTarget section */
		4C02B5011EB50C5600542A74 /* Contactx */ = {
			isa = PBXNativeTarget;
			buildConfigurationList = 4C02B5141EB50C5600542A74 /* Build configuration list for PBXNativeTarget "Contactx" */;
			buildPhases = (
				4C02B4FE1EB50C5600542A74 /* Sources */,
				4C02B4FF1EB50C5600542A74 /* Frameworks */,
				4C02B5001EB50C5600542A74 /* Resources */,
			);
			buildRules = (
				4C92A4AF1EB5D80A0063A70F /* PBXBuildRule */,
			);
			dependencies = (
			);
			name = Contactx;
			productName = Contactx;
			productReference = 4C02B5021EB50C5600542A74 /* Contactx.app */;
			productType = "com.apple.product-type.application";
		};
/* End PBXNativeTarget section */

/* Begin PBXProject section */
		4C02B4FA1EB50C5600542A74 /* Project object */ = {
			isa = PBXProject;
			attributes = {
				LastSwiftUpdateCheck = 0830;
				LastUpgradeCheck = 0830;
				ORGANIZATIONNAME = MAD;
				TargetAttributes = {
					4C02B5011EB50C5600542A74 = {
						CreatedOnToolsVersion = 8.3;
						ProvisioningStyle = Automatic;
					};
				};
			};
			buildConfigurationList = 4C02B4FD1EB50C5600542A74 /* Build configuration list for PBXProject "Contactx" */;
			compatibilityVersion = "Xcode 3.2";
			developmentRegion = English;
			hasScannedForEncodings = 0;
			knownRegions = (
				en,
				Base,
			);
			mainGroup = 4C02B4F91EB50C5600542A74;
			productRefGroup = 4C02B5031EB50C5600542A74 /* Products */;
			projectDirPath = "";
			projectRoot = "";
			targets = (
				4C02B5011EB50C5600542A74 /* Contactx */,
			);
		};
/* End PBXProject section */

/* Begin PBXResourcesBuildPhase section */
		4C02B5001EB50C5600542A74 /* Resources */ = {
			isa = PBXResourcesBuildPhase;
			buildActionMask = 2147483647;
			files = (
				4CC059101EB5330B00C9135E /* 001-key.png in Resources */,
				4CC0590D1EB531EC00C9135E /* logo.png in Resources */,
				4CC059111EB5330B00C9135E /* 002-phone-numbers-call.png in Resources */,
				4C02B5101EB50C5600542A74 /* LaunchScreen.storyboard in Resources */,
				4C02B50D1EB50C5600542A74 /* Assets.xcassets in Resources */,
				4C02B50B1EB50C5600542A74 /* Main.storyboard in Resources */,
			);
			runOnlyForDeploymentPostprocessing = 0;
		};
/* End PBXResourcesBuildPhase section */

/* Begin PBXSourcesBuildPhase section */
		4C02B4FE1EB50C5600542A74 /* Sources */ = {
			isa = PBXSourcesBuildPhase;
			buildActionMask = 2147483647;
			files = (
				4CC059151EB53C6A00C9135E /* SignInController.swift in Sources */,
				4CC0591D1EB53D9600C9135E /* ContactDetailsController.swift in Sources */,
				4CF154F01EB5C38E0000DA2D /* GrpsContactsListController.swift in Sources */,
				4CF154EE1EB5BFF90000DA2D /* GroupsListControllerTableViewController.swift in Sources */,
				4CC059171EB53CD600C9135E /* TabBarController.swift in Sources */,
				4C02B5061EB50C5600542A74 /* AppDelegate.swift in Sources */,
				4CC059131EB53C1A00C9135E /* RegisterController.swift in Sources */,
				4CC0591F1EB53DC000C9135E /* AddEditController.swift in Sources */,
				4CC059191EB53D2000C9135E /* ContactsListController.swift in Sources */,
				4CC0591B1EB53D4500C9135E /* ProfileController.swift in Sources */,
			);
			runOnlyForDeploymentPostprocessing = 0;
		};
/* End PBXSourcesBuildPhase section */

/* Begin PBXVariantGroup section */
		4C02B5091EB50C5600542A74 /* Main.storyboard */ = {
			isa = PBXVariantGroup;
			children = (
				4C02B50A1EB50C5600542A74 /* Base */,
			);
			name = Main.storyboard;
			sourceTree = "<group>";
		};
		4C02B50E1EB50C5600542A74 /* LaunchScreen.storyboard */ = {
			isa = PBXVariantGroup;
			children = (
				4C02B50F1EB50C5600542A74 /* Base */,
			);
			name = LaunchScreen.storyboard;
			sourceTree = "<group>";
		};
/* End PBXVariantGroup section */

/* Begin XCBuildConfiguration section */
		4C02B5121EB50C5600542A74 /* Debug */ = {
			isa = XCBuildConfiguration;
			buildSettings = {
				ALWAYS_SEARCH_USER_PATHS = NO;
				CLANG_ANALYZER_NONNULL = YES;
				CLANG_ANALYZER_NUMBER_OBJECT_CONVERSION = YES_AGGRESSIVE;
				CLANG_CXX_LANGUAGE_STANDARD = "gnu++0x";
				CLANG_CXX_LIBRARY = "libc++";
				CLANG_ENABLE_MODULES = YES;
				CLANG_ENABLE_OBJC_ARC = YES;
				CLANG_WARN_BOOL_CONVERSION = YES;
				CLANG_WARN_CONSTANT_CONVERSION = YES;
				CLANG_WARN_DIRECT_OBJC_ISA_USAGE = YES_ERROR;
				CLANG_WARN_DOCUMENTATION_COMMENTS = YES;
				CLANG_WARN_EMPTY_BODY = YES;
				CLANG_WARN_ENUM_CONVERSION = YES;
				CLANG_WARN_INFINITE_RECURSION = YES;
				CLANG_WARN_INT_CONVERSION = YES;
				CLANG_WARN_OBJC_ROOT_CLASS = YES_ERROR;
				CLANG_WARN_SUSPICIOUS_MOVE = YES;
				CLANG_WARN_UNREACHABLE_CODE = YES;
				CLANG_WARN__DUPLICATE_METHOD_MATCH = YES;
				"CODE_SIGN_IDENTITY[sdk=iphoneos*]" = "iPhone Developer";
				COPY_PHASE_STRIP = NO;
				DEBUG_INFORMATION_FORMAT = dwarf;
				ENABLE_STRICT_OBJC_MSGSEND = YES;
				ENABLE_TESTABILITY = YES;
				GCC_C_LANGUAGE_STANDARD = gnu99;
				GCC_DYNAMIC_NO_PIC = NO;
				GCC_NO_COMMON_BLOCKS = YES;
				GCC_OPTIMIZATION_LEVEL = 0;
				GCC_PREPROCESSOR_DEFINITIONS = (
					"DEBUG=1",
					"$(inherited)",
				);
				GCC_WARN_64_TO_32_BIT_CONVERSION = YES;
				GCC_WARN_ABOUT_RETURN_TYPE = YES_ERROR;
				GCC_WARN_UNDECLARED_SELECTOR = YES;
				GCC_WARN_UNINITIALIZED_AUTOS = YES_AGGRESSIVE;
				GCC_WARN_UNUSED_FUNCTION = YES;
				GCC_WARN_UNUSED_VARIABLE = YES;
				IPHONEOS_DEPLOYMENT_TARGET = 9.0;
				MTL_ENABLE_DEBUG_INFO = YES;
				ONLY_ACTIVE_ARCH = YES;
				SDKROOT = iphoneos;
				SWIFT_ACTIVE_COMPILATION_CONDITIONS = DEBUG;
				SWIFT_OPTIMIZATION_LEVEL = "-Onone";
			};
			name = Debug;
		};
		4C02B5131EB50C5600542A74 /* Release */ = {
			isa = XCBuildConfiguration;
			buildSettings = {
				ALWAYS_SEARCH_USER_PATHS = NO;
				CLANG_ANALYZER_NONNULL = YES;
				CLANG_ANALYZER_NUMBER_OBJECT_CONVERSION = YES_AGGRESSIVE;
				CLANG_CXX_LANGUAGE_STANDARD = "gnu++0x";
				CLANG_CXX_LIBRARY = "libc++";
				CLANG_ENABLE_MODULES = YES;
				CLANG_ENABLE_OBJC_ARC = YES;
				CLANG_WARN_BOOL_CONVERSION = YES;
				CLANG_WARN_CONSTANT_CONVERSION = YES;
				CLANG_WARN_DIRECT_OBJC_ISA_USAGE = YES_ERROR;
				CLANG_WARN_DOCUMENTATION_COMMENTS = YES;
				CLANG_WARN_EMPTY_BODY = YES;
				CLANG_WARN_ENUM_CONVERSION = YES;
				CLANG_WARN_INFINITE_RECURSION = YES;
				CLANG_WARN_INT_CONVERSION = YES;
				CLANG_WARN_OBJC_ROOT_CLASS = YES_ERROR;
				CLANG_WARN_SUSPICIOUS_MOVE = YES;
				CLANG_WARN_UNREACHABLE_CODE = YES;
				CLANG_WARN__DUPLICATE_METHOD_MATCH = YES;
				"CODE_SIGN_IDENTITY[sdk=iphoneos*]" = "iPhone Developer";
				COPY_PHASE_STRIP = NO;
				DEBUG_INFORMATION_FORMAT = "dwarf-with-dsym";
				ENABLE_NS_ASSERTIONS = NO;
				ENABLE_STRICT_OBJC_MSGSEND = YES;
				GCC_C_LANGUAGE_STANDARD = gnu99;
				GCC_NO_COMMON_BLOCKS = YES;
				GCC_WARN_64_TO_32_BIT_CONVERSION = YES;
				GCC_WARN_ABOUT_RETURN_TYPE = YES_ERROR;
				GCC_WARN_UNDECLARED_SELECTOR = YES;
				GCC_WARN_UNINITIALIZED_AUTOS = YES_AGGRESSIVE;
				GCC_WARN_UNUSED_FUNCTION = YES;
				GCC_WARN_UNUSED_VARIABLE = YES;
				IPHONEOS_DEPLOYMENT_TARGET = 9.0;
				MTL_ENABLE_DEBUG_INFO = NO;
				SDKROOT = iphoneos;
				SWIFT_OPTIMIZATION_LEVEL = "-Owholemodule";
				VALIDATE_PRODUCT = YES;
			};
			name = Release;
		};
		4C02B5151EB50C5600542A74 /* Debug */ = {
			isa = XCBuildConfiguration;
			buildSettings = {
				ASSETCATALOG_COMPILER_APPICON_NAME = AppIcon;
				INFOPLIST_FILE = Contactx/Info.plist;
				IPHONEOS_DEPLOYMENT_TARGET = 9.0;
				LD_RUNPATH_SEARCH_PATHS = "$(inherited) @executable_path/Frameworks";
				PRODUCT_BUNDLE_IDENTIFIER = JETS.Contactx;
				PRODUCT_NAME = "$(TARGET_NAME)";
				SWIFT_VERSION = 3.0;
				TARGETED_DEVICE_FAMILY = 1;
			};
			name = Debug;
		};
		4C02B5161EB50C5600542A74 /* Release */ = {
			isa = XCBuildConfiguration;
			buildSettings = {
				ASSETCATALOG_COMPILER_APPICON_NAME = AppIcon;
				INFOPLIST_FILE = Contactx/Info.plist;
				IPHONEOS_DEPLOYMENT_TARGET = 9.0;
				LD_RUNPATH_SEARCH_PATHS = "$(inherited) @executable_path/Frameworks";
				PRODUCT_BUNDLE_IDENTIFIER = JETS.Contactx;
				PRODUCT_NAME = "$(TARGET_NAME)";
				SWIFT_VERSION = 3.0;
				TARGETED_DEVICE_FAMILY = 1;
			};
			name = Release;
		};
/* End XCBuildConfiguration section */

/* Begin XCConfigurationList section */
		4C02B4FD1EB50C5600542A74 /* Build configuration list for PBXProject "Contactx" */ = {
			isa = XCConfigurationList;
			buildConfigurations = (
				4C02B5121EB50C5600542A74 /* Debug */,
				4C02B5131EB50C5600542A74 /* Release */,
			);
			defaultConfigurationIsVisible = 0;
			defaultConfigurationName = Release;
		};
		4C02B5141EB50C5600542A74 /* Build configuration list for PBXNativeTarget "Contactx" */ = {
			isa = XCConfigurationList;
			buildConfigurations = (
				4C02B5151EB50C5600542A74 /* Debug */,
				4C02B5161EB50C5600542A74 /* Release */,
			);
			defaultConfigurationIsVisible = 0;
			defaultConfigurationName = Release;
		};
/* End XCConfigurationList section */
	};
	rootObject = 4C02B4FA1EB50C5600542A74 /* Project object */;
}
